
Microsoft Visual Studio Solution File, Format Version 12.00
# Visual Studio Version 17
VisualStudioVersion = 17.6.33829.357
MinimumVisualStudioVersion = 10.0.40219.1
Project("{8BC9CEB8-8B4A-11D0-8D11-00A0C91BC942}") = "CarManagementSystem", "assignment1\assignment1.vcxproj", "{408EF287-AF79-40EA-8567-11F092E158E3}"
EndProject
Global
	GlobalSection(SolutionConfigurationPlatforms) = preSolution
		Debug|x64 = Debug|x64
		Debug|x86 = Debug|x86
		Release|x64 = Release|x64
		Release|x86 = Release|x86
	EndGlobalSection
	GlobalSection(ProjectConfigurationPlatforms) = postSolution
		{408EF287-AF79-40EA-8567-11F092E158E3}.Debug|x64.ActiveCfg = Debug|x64
		{408EF287-AF79-40EA-8567-11F092E158E3}.Debug|x64.Build.0 = Debug|x64
		{408EF287-AF79-40EA-8567-11F092E158E3}.Debug|x86.ActiveCfg = Debug|Win32
		{408EF287-AF79-40EA-8567-11F092E158E3}.Debug|x86.Build.0 = Debug|Win32
		{408EF287-AF79-40EA-8567-11F092E158E3}.Release|x64.ActiveCfg = Release|x64
		{408EF287-AF79-40EA-8567-11F092E158E3}.Release|x64.Build.0 = Release|x64
		{408EF287-AF79-40EA-8567-11F092E158E3}.Release|x86.ActiveCfg = Release|Win32
		{408EF287-AF79-40EA-8567-11F092E158E3}.Release|x86.Build.0 = Release|Win32
	EndGlobalSection
	GlobalSection(SolutionProperties) = preSolution
		HideSolutionNode = FALSE
	EndGlobalSection
	GlobalSection(ExtensibilityGlobals) = postSolution
		SolutionGuid = {84742825-9362-44BF-8A24-16BCB9980B73}
	EndGlobalSection
EndGlobal
